PODS:
  - SwiftyUserDefaults (4.0.0-alpha.1)

DEPENDENCIES:
  - SwiftyUserDefaults (= 4.0.0-alpha.1)

SPEC REPOS:
  https://github.com/cocoapods/specs.git:
    - SwiftyUserDefaults

SPEC CHECKSUMS:
  SwiftyUserDefaults: cebe0ff9472f52699772a514b6f7155861d8069b

PODFILE CHECKSUM: 2fc0d02cbb07997733fec49b2584cde111535610

COCOAPODS: 1.5.3
